{
  "name": "mini-react",
  "version": "1.0.0",
  "lockfileVersion": 1,
  "requires": true,
  "dependencies": {
    "@types/estree": {
      "version": "0.0.39",
      "resolved": "https://registry.npm.alibaba-inc.com/@types/estree/download/@types/estree-0.0.39.tgz",
      "integrity": "sha1-4Xfmme4bjCLSMXTKqnQiZEOJUJ8=",
      "dev": true
    },
    "@types/node": {
      "version": "12.12.11",
      "resolved": "https://registry.npm.alibaba-inc.com/@types/node/download/@types/node-12.12.11.tgz",
      "integrity": "sha1-vsKWGXWIjZZBlr8AFqL5hNeT084=",
      "dev": true
    },
    "acorn": {
      "version": "7.1.0",
      "resolved": "https://registry.npm.alibaba-inc.com/acorn/download/acorn-7.1.0.tgz",
      "integrity": "sha1-lJ028sKSU12mAig1hsJHfFfrLWw=",
      "dev": true
    },
    "rollup": {
      "version": "1.27.2",
      "resolved": "https://registry.npm.alibaba-inc.com/rollup/download/rollup-1.27.2.tgz",
      "integrity": "sha1-yvVKk98ii/eGTxPd3Ns2PT6VhQk=",
      "dev": true,
      "requires": {
        "@types/estree": "*",
        "@types/node": "*",
        "acorn": "^7.1.0"
      }
    }
  }
}
